<?xml version="1.0" encoding="utf-8"?>
<Project ToolsVersion="4.0" xmlns="http://schemas.microsoft.com/developer/msbuild/2003">
  <ItemGroup>
    <Filter Include="Source Files">
      <UniqueIdentifier>{4FC737F1-C7A5-4376-A066-2A32D752A2FF}</UniqueIdentifier>
      <Extensions>cpp;c;cc;cxx;def;odl;idl;hpj;bat;asm;asmx</Extensions>
    </Filter>
    <Filter Include="Header Files">
      <UniqueIdentifier>{93995380-89BD-4b04-88EB-625FBE52EBFB}</UniqueIdentifier>
      <Extensions>h;hh;hpp;hxx;hm;inl;inc;xsd</Extensions>
    </Filter>
    <Filter Include="Resource Files">
      <UniqueIdentifier>{67DA6AB6-F800-4c08-8B7A-83BB121AAD01}</UniqueIdentifier>
      <Extensions>rc;ico;cur;bmp;dlg;rc2;rct;bin;rgs;gif;jpg;jpeg;jpe;resx;tiff;tif;png;wav;mfcribbon-ms</Extensions>
    </Filter>
  </ItemGroup>
  <ItemGroup>
    <ClInclude Include="codeBlock.h">
      <Filter>Header Files</Filter>
    </ClInclude>
    <ClInclude Include="platform\types.h">
      <Filter>Header Files</Filter>
    </ClInclude>
    <ClInclude Include="platform\types.visualc.h">
      <Filter>Header Files</Filter>
    </ClInclude>
    <ClInclude Include="platform\types.win.h">
      <Filter>Header Files</Filter>
    </ClInclude>
    <ClInclude Include="compiler.h">
      <Filter>Header Files</Filter>
    </ClInclude>
    <ClInclude Include="platform\platform.h">
      <Filter>Header Files</Filter>
    </ClInclude>
    <ClInclude Include="consoleDump.h">
      <Filter>Header Files</Filter>
    </ClInclude>
  </ItemGroup>
  <ItemGroup>
    <ClCompile Include="codeBlock.cpp">
      <Filter>Source Files</Filter>
    </ClCompile>
    <ClCompile Include="main.cpp">
      <Filter>Source Files</Filter>
    </ClCompile>
    <ClCompile Include="consoledump.cpp">
      <Filter>Source Files</Filter>
    </ClCompile>
  </ItemGroup>
  <ItemGroup>
    <None Include="tests\VersionCheckDisable.cs.dso" />
    <None Include="tests\decl_var_float.cs.dso" />
    <None Include="tests\decl_var_str.cs.dso" />
    <None Include="tests\decl_var_uint.cs.dso" />
    <None Include="tests\decl_var_var.cs.dso" />
    <None Include="tests\fileobject_decl.cs.dso" />
    <None Include="tests\read_field_uint.cs.dso" />
    <None Include="tests\SpecialCharsRemover.cs.dso" />
    <None Include="tests\test.cs.dso" />
    <None Include="tests\variable_method_call.cs.dso" />
  </ItemGroup>
</Project>